
Microsoft Visual Studio Solution File, Format Version 12.00
# Visual Studio Version 17
VisualStudioVersion = 17.5.2.0
MinimumVisualStudioVersion = 10.0.40219.1
Project("{FAE04EC0-301F-11D3-BF4B-00C04F79EFBC}") = "LoginAPI", "LoginAPI\LoginAPI.csproj", "{BC3B28D9-F7F8-90C7-C4D0-0D354DF78ECC}"
EndProject
Project("{2150E333-8FDC-42A3-9474-1A3956D46DE8}") = "tests", "tests", "{0AB3BF05-4346-4AA6-1389-037BE0695223}"
EndProject
Project("{FAE04EC0-301F-11D3-BF4B-00C04F79EFBC}") = "LoginAPI.UnitTests", "tests\LoginAPI.UnitTests\LoginAPI.UnitTests.csproj", "{EA13D3DD-6A85-4564-9EAC-EA2ACA777CD4}"
EndProject
Project("{FAE04EC0-301F-11D3-BF4B-00C04F79EFBC}") = "LoginAPI.IntegrationTests", "tests\LoginAPI.IntegrationTests\LoginAPI.IntegrationTests.csproj", "{1EEA8DE0-A717-4E2E-A72F-9D609A2354F2}"
EndProject
Project("{FAE04EC0-301F-11D3-BF4B-00C04F79EFBC}") = "AuthAPI", "AuthAPI\AuthAPI.csproj", "{5D79BF0F-3918-463C-B9A7-4DE748EE97F4}"
EndProject
Project("{FAE04EC0-301F-11D3-BF4B-00C04F79EFBC}") = "AuthAPI.IntegrationTests", "tests\AuthAPI.IntegrationTests\AuthAPI.IntegrationTests.csproj", "{C359ED05-08A6-4C47-9FB2-F6E27A60C95D}"
EndProject
Project("{FAE04EC0-301F-11D3-BF4B-00C04F79EFBC}") = "AuthAPI.UnitTests", "tests\AuthAPI.UnitTests\AuthAPI.UnitTests.csproj", "{A1111111-2222-4333-8444-555555555555}"
EndProject
Project("{FAE04EC0-301F-11D3-BF4B-00C04F79EFBC}") = "ActivityAPI", "ActivityAPI\ActivityAPI.csproj", "{21A30656-CE54-4DDA-940B-7C6B1E7179B9}"
EndProject
Project("{FAE04EC0-301F-11D3-BF4B-00C04F79EFBC}") = "ActivityAPI.IntegrationTests", "tests\ActivityAPI.IntegrationTests\ActivityAPI.IntegrationTests.csproj", "{B2222222-3333-4444-8555-666666666666}"
EndProject
Global
	GlobalSection(SolutionConfigurationPlatforms) = preSolution
		Debug|Any CPU = Debug|Any CPU
		Debug|x64 = Debug|x64
		Debug|x86 = Debug|x86
		Release|Any CPU = Release|Any CPU
		Release|x64 = Release|x64
		Release|x86 = Release|x86
	EndGlobalSection
	GlobalSection(ProjectConfigurationPlatforms) = postSolution
		{BC3B28D9-F7F8-90C7-C4D0-0D354DF78ECC}.Debug|Any CPU.ActiveCfg = Debug|Any CPU
		{BC3B28D9-F7F8-90C7-C4D0-0D354DF78ECC}.Debug|Any CPU.Build.0 = Debug|Any CPU
		{BC3B28D9-F7F8-90C7-C4D0-0D354DF78ECC}.Debug|x64.ActiveCfg = Debug|Any CPU
		{BC3B28D9-F7F8-90C7-C4D0-0D354DF78ECC}.Debug|x64.Build.0 = Debug|Any CPU
		{BC3B28D9-F7F8-90C7-C4D0-0D354DF78ECC}.Debug|x86.ActiveCfg = Debug|Any CPU
		{BC3B28D9-F7F8-90C7-C4D0-0D354DF78ECC}.Debug|x86.Build.0 = Debug|Any CPU
		{BC3B28D9-F7F8-90C7-C4D0-0D354DF78ECC}.Release|Any CPU.ActiveCfg = Release|Any CPU
		{BC3B28D9-F7F8-90C7-C4D0-0D354DF78ECC}.Release|Any CPU.Build.0 = Release|Any CPU
		{BC3B28D9-F7F8-90C7-C4D0-0D354DF78ECC}.Release|x64.ActiveCfg = Release|Any CPU
		{BC3B28D9-F7F8-90C7-C4D0-0D354DF78ECC}.Release|x64.Build.0 = Release|Any CPU
		{BC3B28D9-F7F8-90C7-C4D0-0D354DF78ECC}.Release|x86.ActiveCfg = Release|Any CPU
		{BC3B28D9-F7F8-90C7-C4D0-0D354DF78ECC}.Release|x86.Build.0 = Release|Any CPU
		{EA13D3DD-6A85-4564-9EAC-EA2ACA777CD4}.Debug|Any CPU.ActiveCfg = Debug|Any CPU
		{EA13D3DD-6A85-4564-9EAC-EA2ACA777CD4}.Debug|Any CPU.Build.0 = Debug|Any CPU
		{EA13D3DD-6A85-4564-9EAC-EA2ACA777CD4}.Debug|x64.ActiveCfg = Debug|Any CPU
		{EA13D3DD-6A85-4564-9EAC-EA2ACA777CD4}.Debug|x64.Build.0 = Debug|Any CPU
		{EA13D3DD-6A85-4564-9EAC-EA2ACA777CD4}.Debug|x86.ActiveCfg = Debug|Any CPU
		{EA13D3DD-6A85-4564-9EAC-EA2ACA777CD4}.Debug|x86.Build.0 = Debug|Any CPU
		{EA13D3DD-6A85-4564-9EAC-EA2ACA777CD4}.Release|Any CPU.ActiveCfg = Release|Any CPU
		{EA13D3DD-6A85-4564-9EAC-EA2ACA777CD4}.Release|Any CPU.Build.0 = Release|Any CPU
		{EA13D3DD-6A85-4564-9EAC-EA2ACA777CD4}.Release|x64.ActiveCfg = Release|Any CPU
		{EA13D3DD-6A85-4564-9EAC-EA2ACA777CD4}.Release|x64.Build.0 = Release|Any CPU
		{EA13D3DD-6A85-4564-9EAC-EA2ACA777CD4}.Release|x86.ActiveCfg = Release|Any CPU
		{EA13D3DD-6A85-4564-9EAC-EA2ACA777CD4}.Release|x86.Build.0 = Release|Any CPU
		{1EEA8DE0-A717-4E2E-A72F-9D609A2354F2}.Debug|Any CPU.ActiveCfg = Debug|Any CPU
		{1EEA8DE0-A717-4E2E-A72F-9D609A2354F2}.Debug|Any CPU.Build.0 = Debug|Any CPU
		{1EEA8DE0-A717-4E2E-A72F-9D609A2354F2}.Debug|x64.ActiveCfg = Debug|Any CPU
		{1EEA8DE0-A717-4E2E-A72F-9D609A2354F2}.Debug|x64.Build.0 = Debug|Any CPU
		{1EEA8DE0-A717-4E2E-A72F-9D609A2354F2}.Debug|x86.ActiveCfg = Debug|Any CPU
		{1EEA8DE0-A717-4E2E-A72F-9D609A2354F2}.Debug|x86.Build.0 = Debug|Any CPU
		{1EEA8DE0-A717-4E2E-A72F-9D609A2354F2}.Release|Any CPU.ActiveCfg = Release|Any CPU
		{1EEA8DE0-A717-4E2E-A72F-9D609A2354F2}.Release|Any CPU.Build.0 = Release|Any CPU
		{1EEA8DE0-A717-4E2E-A72F-9D609A2354F2}.Release|x64.ActiveCfg = Release|Any CPU
		{1EEA8DE0-A717-4E2E-A72F-9D609A2354F2}.Release|x64.Build.0 = Release|Any CPU
		{1EEA8DE0-A717-4E2E-A72F-9D609A2354F2}.Release|x86.ActiveCfg = Release|Any CPU
		{1EEA8DE0-A717-4E2E-A72F-9D609A2354F2}.Release|x86.Build.0 = Release|Any CPU
		{5D79BF0F-3918-463C-B9A7-4DE748EE97F4}.Debug|Any CPU.ActiveCfg = Debug|Any CPU
		{5D79BF0F-3918-463C-B9A7-4DE748EE97F4}.Debug|Any CPU.Build.0 = Debug|Any CPU
		{5D79BF0F-3918-463C-B9A7-4DE748EE97F4}.Debug|x64.ActiveCfg = Debug|Any CPU
		{5D79BF0F-3918-463C-B9A7-4DE748EE97F4}.Debug|x64.Build.0 = Debug|Any CPU
		{5D79BF0F-3918-463C-B9A7-4DE748EE97F4}.Debug|x86.ActiveCfg = Debug|Any CPU
		{5D79BF0F-3918-463C-B9A7-4DE748EE97F4}.Debug|x86.Build.0 = Debug|Any CPU
		{5D79BF0F-3918-463C-B9A7-4DE748EE97F4}.Release|Any CPU.ActiveCfg = Release|Any CPU
		{5D79BF0F-3918-463C-B9A7-4DE748EE97F4}.Release|Any CPU.Build.0 = Release|Any CPU
		{5D79BF0F-3918-463C-B9A7-4DE748EE97F4}.Release|x64.ActiveCfg = Release|Any CPU
		{5D79BF0F-3918-463C-B9A7-4DE748EE97F4}.Release|x64.Build.0 = Release|Any CPU
		{5D79BF0F-3918-463C-B9A7-4DE748EE97F4}.Release|x86.ActiveCfg = Release|Any CPU
		{5D79BF0F-3918-463C-B9A7-4DE748EE97F4}.Release|x86.Build.0 = Release|Any CPU
		{C359ED05-08A6-4C47-9FB2-F6E27A60C95D}.Debug|Any CPU.ActiveCfg = Debug|Any CPU
		{C359ED05-08A6-4C47-9FB2-F6E27A60C95D}.Debug|Any CPU.Build.0 = Debug|Any CPU
		{C359ED05-08A6-4C47-9FB2-F6E27A60C95D}.Debug|x64.ActiveCfg = Debug|Any CPU
		{C359ED05-08A6-4C47-9FB2-F6E27A60C95D}.Debug|x64.Build.0 = Debug|Any CPU
		{C359ED05-08A6-4C47-9FB2-F6E27A60C95D}.Debug|x86.ActiveCfg = Debug|Any CPU
		{C359ED05-08A6-4C47-9FB2-F6E27A60C95D}.Debug|x86.Build.0 = Debug|Any CPU
		{C359ED05-08A6-4C47-9FB2-F6E27A60C95D}.Release|Any CPU.ActiveCfg = Release|Any CPU
		{C359ED05-08A6-4C47-9FB2-F6E27A60C95D}.Release|Any CPU.Build.0 = Release|Any CPU
		{C359ED05-08A6-4C47-9FB2-F6E27A60C95D}.Release|x64.ActiveCfg = Release|Any CPU
		{C359ED05-08A6-4C47-9FB2-F6E27A60C95D}.Release|x64.Build.0 = Release|Any CPU
		{C359ED05-08A6-4C47-9FB2-F6E27A60C95D}.Release|x86.ActiveCfg = Release|Any CPU
		{C359ED05-08A6-4C47-9FB2-F6E27A60C95D}.Release|x86.Build.0 = Release|Any CPU
		{A1111111-2222-4333-8444-555555555555}.Debug|Any CPU.ActiveCfg = Debug|Any CPU
		{A1111111-2222-4333-8444-555555555555}.Debug|Any CPU.Build.0 = Debug|Any CPU
		{A1111111-2222-4333-8444-555555555555}.Debug|x64.ActiveCfg = Debug|Any CPU
		{A1111111-2222-4333-8444-555555555555}.Debug|x64.Build.0 = Debug|Any CPU
		{A1111111-2222-4333-8444-555555555555}.Debug|x86.ActiveCfg = Debug|Any CPU
		{A1111111-2222-4333-8444-555555555555}.Debug|x86.Build.0 = Debug|Any CPU
		{A1111111-2222-4333-8444-555555555555}.Release|Any CPU.ActiveCfg = Release|Any CPU
		{A1111111-2222-4333-8444-555555555555}.Release|Any CPU.Build.0 = Release|Any CPU
		{A1111111-2222-4333-8444-555555555555}.Release|x64.ActiveCfg = Release|Any CPU
		{A1111111-2222-4333-8444-555555555555}.Release|x64.Build.0 = Release|Any CPU
		{A1111111-2222-4333-8444-555555555555}.Release|x86.ActiveCfg = Release|Any CPU
		{A1111111-2222-4333-8444-555555555555}.Release|x86.Build.0 = Release|Any CPU
		{21A30656-CE54-4DDA-940B-7C6B1E7179B9}.Debug|Any CPU.ActiveCfg = Debug|Any CPU
		{21A30656-CE54-4DDA-940B-7C6B1E7179B9}.Debug|Any CPU.Build.0 = Debug|Any CPU
		{21A30656-CE54-4DDA-940B-7C6B1E7179B9}.Debug|x64.ActiveCfg = Debug|Any CPU
		{21A30656-CE54-4DDA-940B-7C6B1E7179B9}.Debug|x64.Build.0 = Debug|Any CPU
		{21A30656-CE54-4DDA-940B-7C6B1E7179B9}.Debug|x86.ActiveCfg = Debug|Any CPU
		{21A30656-CE54-4DDA-940B-7C6B1E7179B9}.Debug|x86.Build.0 = Debug|Any CPU
		{21A30656-CE54-4DDA-940B-7C6B1E7179B9}.Release|Any CPU.ActiveCfg = Release|Any CPU
		{21A30656-CE54-4DDA-940B-7C6B1E7179B9}.Release|Any CPU.Build.0 = Release|Any CPU
		{21A30656-CE54-4DDA-940B-7C6B1E7179B9}.Release|x64.ActiveCfg = Release|Any CPU
		{21A30656-CE54-4DDA-940B-7C6B1E7179B9}.Release|x64.Build.0 = Release|Any CPU
		{21A30656-CE54-4DDA-940B-7C6B1E7179B9}.Release|x86.ActiveCfg = Release|Any CPU
		{21A30656-CE54-4DDA-940B-7C6B1E7179B9}.Release|x86.Build.0 = Release|Any CPU
		{B2222222-3333-4444-8555-666666666666}.Debug|Any CPU.ActiveCfg = Debug|Any CPU
		{B2222222-3333-4444-8555-666666666666}.Debug|Any CPU.Build.0 = Debug|Any CPU
		{B2222222-3333-4444-8555-666666666666}.Debug|x64.ActiveCfg = Debug|Any CPU
		{B2222222-3333-4444-8555-666666666666}.Debug|x64.Build.0 = Debug|Any CPU
		{B2222222-3333-4444-8555-666666666666}.Debug|x86.ActiveCfg = Debug|Any CPU
		{B2222222-3333-4444-8555-666666666666}.Debug|x86.Build.0 = Debug|Any CPU
		{B2222222-3333-4444-8555-666666666666}.Release|Any CPU.ActiveCfg = Release|Any CPU
		{B2222222-3333-4444-8555-666666666666}.Release|Any CPU.Build.0 = Release|Any CPU
		{B2222222-3333-4444-8555-666666666666}.Release|x64.ActiveCfg = Release|Any CPU
		{B2222222-3333-4444-8555-666666666666}.Release|x64.Build.0 = Release|Any CPU
		{B2222222-3333-4444-8555-666666666666}.Release|x86.ActiveCfg = Release|Any CPU
		{B2222222-3333-4444-8555-666666666666}.Release|x86.Build.0 = Release|Any CPU
	EndGlobalSection
	GlobalSection(SolutionProperties) = preSolution
		HideSolutionNode = FALSE
	EndGlobalSection
	GlobalSection(NestedProjects) = preSolution
		{EA13D3DD-6A85-4564-9EAC-EA2ACA777CD4} = {0AB3BF05-4346-4AA6-1389-037BE0695223}
		{1EEA8DE0-A717-4E2E-A72F-9D609A2354F2} = {0AB3BF05-4346-4AA6-1389-037BE0695223}
		{C359ED05-08A6-4C47-9FB2-F6E27A60C95D} = {0AB3BF05-4346-4AA6-1389-037BE0695223}
		{A1111111-2222-4333-8444-555555555555} = {0AB3BF05-4346-4AA6-1389-037BE0695223}
		{B2222222-3333-4444-8555-666666666666} = {0AB3BF05-4346-4AA6-1389-037BE0695223}
	EndGlobalSection
	GlobalSection(ExtensibilityGlobals) = postSolution
		SolutionGuid = {EEF68483-220B-4AD1-8761-9BEB99BA1E77}
	EndGlobalSection
EndGlobal
